
Microsoft Visual Studio Solution File, Format Version 12.00
# Visual Studio Version 16
VisualStudioVersion = 16.0.29306.81
MinimumVisualStudioVersion = 10.0.40219.1
Project("{FAE04EC0-301F-11D3-BF4B-00C04F79EFBC}") = "CarvedRock.Api", "CarvedRock.Api\CarvedRock.Api.csproj", "{4D23C8A0-D67D-4C61-BCB7-96E35A04B957}"
EndProject
Global
	GlobalSection(SolutionConfigurationPlatforms) = preSolution
		Debug|Any CPU = Debug|Any CPU
		Release|Any CPU = Release|Any CPU
	EndGlobalSection
	GlobalSection(ProjectConfigurationPlatforms) = postSolution
		{4D23C8A0-D67D-4C61-BCB7-96E35A04B957}.Debug|Any CPU.ActiveCfg = Debug|Any CPU
		{4D23C8A0-D67D-4C61-BCB7-96E35A04B957}.Debug|Any CPU.Build.0 = Debug|Any CPU
		{4D23C8A0-D67D-4C61-BCB7-96E35A04B957}.Release|Any CPU.ActiveCfg = Release|Any CPU
		{4D23C8A0-D67D-4C61-BCB7-96E35A04B957}.Release|Any CPU.Build.0 = Release|Any CPU
	EndGlobalSection
	GlobalSection(SolutionProperties) = preSolution
		HideSolutionNode = FALSE
	EndGlobalSection
	GlobalSection(ExtensibilityGlobals) = postSolution
		SolutionGuid = {95945649-48CE-443B-A2D4-8C32C76908E2}
	EndGlobalSection
EndGlobal
